// !$*UTF8*$!
{
	archiveVersion = 1;
	classes = {
	};
	objectVersion = 50;
	objects = {

/* Begin PBXBuildFile section */
		C059F19F24987005009B9CB0 /* main.m in Sources */ = {isa = PBXBuildFile; fileRef = C059F19E24987005009B9CB0 /* main.m */; };
		C059F1A7249871DE009B9CB0 /* Dice.m in Sources */ = {isa = PBXBuildFile; fileRef = C059F1A6249871DE009B9CB0 /* Dice.m */; };
		C059F1AA24987709009B9CB0 /* InputHandler.m in Sources */ = {isa = PBXBuildFile; fileRef = C059F1A924987709009B9CB0 /* InputHandler.m */; };
		C059F1AE24987776009B9CB0 /* Game.m in Sources */ = {isa = PBXBuildFile; fileRef = C059F1AD24987776009B9CB0 /* Game.m */; };
/* End PBXBuildFile section */

/* Begin PBXCopyFilesBuildPhase section */
		C059F19924987005009B9CB0 /* CopyFiles */ = {
			isa = PBXCopyFilesBuildPhase;
			buildActionMask = 2147483647;
			dstPath = /usr/share/man/man1/;
			dstSubfolderSpec = 0;
			files = (
			);
			runOnlyForDeploymentPostprocessing = 1;
		};
/* End PBXCopyFilesBuildPhase section */

/* Begin PBXFileReference section */
		C059F19B24987005009B9CB0 /* Threelow */ = {isa = PBXFileReference; explicitFileType = "compiled.mach-o.executable"; includeInIndex = 0; path = Threelow; sourceTree = BUILT_PRODUCTS_DIR; };
		C059F19E24987005009B9CB0 /* main.m */ = {isa = PBXFileReference; lastKnownFileType = sourcecode.c.objc; path = main.m; sourceTree = "<group>"; };
		C059F1A5249871DE009B9CB0 /* Dice.h */ = {isa = PBXFileReference; lastKnownFileType = sourcecode.c.h; path = Dice.h; sourceTree = "<group>"; };
		C059F1A6249871DE009B9CB0 /* Dice.m */ = {isa = PBXFileReference; lastKnownFileType = sourcecode.c.objc; path = Dice.m; sourceTree = "<group>"; };
		C059F1A824987709009B9CB0 /* InputHandler.h */ = {isa = PBXFileReference; fileEncoding = 4; lastKnownFileType = sourcecode.c.h; path = InputHandler.h; sourceTree = "<group>"; };
		C059F1A924987709009B9CB0 /* InputHandler.m */ = {isa = PBXFileReference; fileEncoding = 4; lastKnownFileType = sourcecode.c.objc; path = InputHandler.m; sourceTree = "<group>"; };
		C059F1AC24987776009B9CB0 /* Game.h */ = {isa = PBXFileReference; lastKnownFileType = sourcecode.c.h; path = Game.h; sourceTree = "<group>"; };
		C059F1AD24987776009B9CB0 /* Game.m */ = {isa = PBXFileReference; lastKnownFileType = sourcecode.c.objc; path = Game.m; sourceTree = "<group>"; };
/* End PBXFileReference section */

/* Begin PBXFrameworksBuildPhase section */
		C059F19824987005009B9CB0 /* Frameworks */ = {
			isa = PBXFrameworksBuildPhase;
			buildActionMask = 2147483647;
			files = (
			);
			runOnlyForDeploymentPostprocessing = 0;
		};
/* End PBXFrameworksBuildPhase section */

/* Begin PBXGroup section */
		C059F19224987005009B9CB0 = {
			isa = PBXGroup;
			children = (
				C059F19D24987005009B9CB0 /* Threelow */,
				C059F19C24987005009B9CB0 /* Products */,
			);
			sourceTree = "<group>";
		};
		C059F19C24987005009B9CB0 /* Products */ = {
			isa = PBXGroup;
			children = (
				C059F19B24987005009B9CB0 /* Threelow */,
			);
			name = Products;
			sourceTree = "<group>";
		};
		C059F19D24987005009B9CB0 /* Threelow */ = {
			isa = PBXGroup;
			children = (
				C059F19E24987005009B9CB0 /* main.m */,
				C059F1AB24987712009B9CB0 /* input */,
				C059F1A5249871DE009B9CB0 /* Dice.h */,
				C059F1A6249871DE009B9CB0 /* Dice.m */,
				C059F1AC24987776009B9CB0 /* Game.h */,
				C059F1AD24987776009B9CB0 /* Game.m */,
			);
			path = Threelow;
			sourceTree = "<group>";
		};
		C059F1AB24987712009B9CB0 /* input */ = {
			isa = PBXGroup;
			children = (
				C059F1A824987709009B9CB0 /* InputHandler.h */,
				C059F1A924987709009B9CB0 /* InputHandler.m */,
			);
			path = input;
			sourceTree = "<group>";
		};
/* End PBXGroup section */

/* Begin PBXNativeTarget section */
		C059F19A24987005009B9CB0 /* Threelow */ = {
			isa = PBXNativeTarget;
			buildConfigurationList = C059F1A224987005009B9CB0 /* Build configuration list for PBXNativeTarget "Threelow" */;
			buildPhases = (
				C059F19724987005009B9CB0 /* Sources */,
				C059F19824987005009B9CB0 /* Frameworks */,
				C059F19924987005009B9CB0 /* CopyFiles */,
			);
			buildRules = (
			);
			dependencies = (
			);
			name = Threelow;
			productName = Threelow;
			productReference = C059F19B24987005009B9CB0 /* Threelow */;
			productType = "com.apple.product-type.tool";
		};
/* End PBXNativeTarget section */

/* Begin PBXProject section */
		C059F19324987005009B9CB0 /* Project object */ = {
			isa = PBXProject;
			attributes = {
				LastUpgradeCheck = 1150;
				ORGANIZATIONNAME = Cornerstone;
				TargetAttributes = {
					C059F19A24987005009B9CB0 = {
						CreatedOnToolsVersion = 11.5;
					};
				};
			};
			buildConfigurationList = C059F19624987005009B9CB0 /* Build configuration list for PBXProject "Threelow" */;
			compatibilityVersion = "Xcode 9.3";
			developmentRegion = en;
			hasScannedForEncodings = 0;
			knownRegions = (
				en,
				Base,
			);
			mainGroup = C059F19224987005009B9CB0;
			productRefGroup = C059F19C24987005009B9CB0 /* Products */;
			projectDirPath = "";
			projectRoot = "";
			targets = (
				C059F19A24987005009B9CB0 /* Threelow */,
			);
		};
/* End PBXProject section */

/* Begin PBXSourcesBuildPhase section */
		C059F19724987005009B9CB0 /* Sources */ = {
			isa = PBXSourcesBuildPhase;
			buildActionMask = 2147483647;
			files = (
				C059F1A7249871DE009B9CB0 /* Dice.m in Sources */,
				C059F1AA24987709009B9CB0 /* InputHandler.m in Sources */,
				C059F19F24987005009B9CB0 /* main.m in Sources */,
				C059F1AE24987776009B9CB0 /* Game.m in Sources */,
			);
			runOnlyForDeploymentPostprocessing = 0;
		};
/* End PBXSourcesBuildPhase section */

/* Begin XCBuildConfiguration section */
		C059F1A024987005009B9CB0 /* Debug */ = {
			isa = XCBuildConfiguration;
			buildSettings = {
				ALWAYS_SEARCH_USER_PATHS = NO;
				CLANG_ANALYZER_NONNULL = YES;
				CLANG_ANALYZER_NUMBER_OBJECT_CONVERSION = YES_AGGRESSIVE;
				CLANG_CXX_LANGUAGE_STANDARD = "gnu++14";
				CLANG_CXX_LIBRARY = "libc++";
				CLANG_ENABLE_MODULES = YES;
				CLANG_ENABLE_OBJC_ARC = YES;
				CLANG_ENABLE_OBJC_WEAK = YES;
				CLANG_WARN_BLOCK_CAPTURE_AUTORELEASING = YES;
				CLANG_WARN_BOOL_CONVERSION = YES;
				CLANG_WARN_COMMA = YES;
				CLANG_WARN_CONSTANT_CONVERSION = YES;
				CLANG_WARN_DEPRECATED_OBJC_IMPLEMENTATIONS = YES;
				CLANG_WARN_DIRECT_OBJC_ISA_USAGE = YES_ERROR;
				CLANG_WARN_DOCUMENTATION_COMMENTS = YES;
				CLANG_WARN_EMPTY_BODY = YES;
				CLANG_WARN_ENUM_CONVERSION = YES;
				CLANG_WARN_INFINITE_RECURSION = YES;
				CLANG_WARN_INT_CONVERSION = YES;
				CLANG_WARN_NON_LITERAL_NULL_CONVERSION = YES;
				CLANG_WARN_OBJC_IMPLICIT_RETAIN_SELF = YES;
				CLANG_WARN_OBJC_LITERAL_CONVERSION = YES;
				CLANG_WARN_OBJC_ROOT_CLASS = YES_ERROR;
				CLANG_WARN_RANGE_LOOP_ANALYSIS = YES;
				CLANG_WARN_STRICT_PROTOTYPES = YES;
				CLANG_WARN_SUSPICIOUS_MOVE = YES;
				CLANG_WARN_UNGUARDED_AVAILABILITY = YES_AGGRESSIVE;
				CLANG_WARN_UNREACHABLE_CODE = YES;
				CLANG_WARN__DUPLICATE_METHOD_MATCH = YES;
				COPY_PHASE_STRIP = NO;
				DEBUG_INFORMATION_FORMAT = dwarf;
				ENABLE_STRICT_OBJC_MSGSEND = YES;
				ENABLE_TESTABILITY = YES;
				GCC_C_LANGUAGE_STANDARD = gnu11;
				GCC_DYNAMIC_NO_PIC = NO;
				GCC_NO_COMMON_BLOCKS = YES;
				GCC_OPTIMIZATION_LEVEL = 0;
				GCC_PREPROCESSOR_DEFINITIONS = (
					"DEBUG=1",
					"$(inherited)",
				);
				GCC_WARN_64_TO_32_BIT_CONVERSION = YES;
				GCC_WARN_ABOUT_RETURN_TYPE = YES_ERROR;
				GCC_WARN_UNDECLARED_SELECTOR = YES;
				GCC_WARN_UNINITIALIZED_AUTOS = YES_AGGRESSIVE;
				GCC_WARN_UNUSED_FUNCTION = YES;
				GCC_WARN_UNUSED_VARIABLE = YES;
				MACOSX_DEPLOYMENT_TARGET = 10.15;
				MTL_ENABLE_DEBUG_INFO = INCLUDE_SOURCE;
				MTL_FAST_MATH = YES;
				ONLY_ACTIVE_ARCH = YES;
				SDKROOT = macosx;
			};
			name = Debug;
		};
		C059F1A124987005009B9CB0 /* Release */ = {
			isa = XCBuildConfiguration;
			buildSettings = {
				ALWAYS_SEARCH_USER_PATHS = NO;
				CLANG_ANALYZER_NONNULL = YES;
				CLANG_ANALYZER_NUMBER_OBJECT_CONVERSION = YES_AGGRESSIVE;
				CLANG_CXX_LANGUAGE_STANDARD = "gnu++14";
				CLANG_CXX_LIBRARY = "libc++";
				CLANG_ENABLE_MODULES = YES;
				CLANG_ENABLE_OBJC_ARC = YES;
				CLANG_ENABLE_OBJC_WEAK = YES;
				CLANG_WARN_BLOCK_CAPTURE_AUTORELEASING = YES;
				CLANG_WARN_BOOL_CONVERSION = YES;
				CLANG_WARN_COMMA = YES;
				CLANG_WARN_CONSTANT_CONVERSION = YES;
				CLANG_WARN_DEPRECATED_OBJC_IMPLEMENTATIONS = YES;
				CLANG_WARN_DIRECT_OBJC_ISA_USAGE = YES_ERROR;
				CLANG_WARN_DOCUMENTATION_COMMENTS = YES;
				CLANG_WARN_EMPTY_BODY = YES;
				CLANG_WARN_ENUM_CONVERSION = YES;
				CLANG_WARN_INFINITE_RECURSION = YES;
				CLANG_WARN_INT_CONVERSION = YES;
				CLANG_WARN_NON_LITERAL_NULL_CONVERSION = YES;
				CLANG_WARN_OBJC_IMPLICIT_RETAIN_SELF = YES;
				CLANG_WARN_OBJC_LITERAL_CONVERSION = YES;
				CLANG_WARN_OBJC_ROOT_CLASS = YES_ERROR;
				CLANG_WARN_RANGE_LOOP_ANALYSIS = YES;
				CLANG_WARN_STRICT_PROTOTYPES = YES;
				CLANG_WARN_SUSPICIOUS_MOVE = YES;
				CLANG_WARN_UNGUARDED_AVAILABILITY = YES_AGGRESSIVE;
				CLANG_WARN_UNREACHABLE_CODE = YES;
				CLANG_WARN__DUPLICATE_METHOD_MATCH = YES;
				COPY_PHASE_STRIP = NO;
				DEBUG_INFORMATION_FORMAT = "dwarf-with-dsym";
				ENABLE_NS_ASSERTIONS = NO;
				ENABLE_STRICT_OBJC_MSGSEND = YES;
				GCC_C_LANGUAGE_STANDARD = gnu11;
				GCC_NO_COMMON_BLOCKS = YES;
				GCC_WARN_64_TO_32_BIT_CONVERSION = YES;
				GCC_WARN_ABOUT_RETURN_TYPE = YES_ERROR;
				GCC_WARN_UNDECLARED_SELECTOR = YES;
				GCC_WARN_UNINITIALIZED_AUTOS = YES_AGGRESSIVE;
				GCC_WARN_UNUSED_FUNCTION = YES;
				GCC_WARN_UNUSED_VARIABLE = YES;
				MACOSX_DEPLOYMENT_TARGET = 10.15;
				MTL_ENABLE_DEBUG_INFO = NO;
				MTL_FAST_MATH = YES;
				SDKROOT = macosx;
			};
			name = Release;
		};
		C059F1A324987005009B9CB0 /* Debug */ = {
			isa = XCBuildConfiguration;
			buildSettings = {
				CODE_SIGN_STYLE = Automatic;
				DEVELOPMENT_TEAM = 38M52GJZ37;
				ENABLE_HARDENED_RUNTIME = YES;
				PRODUCT_NAME = "$(TARGET_NAME)";
			};
			name = Debug;
		};
		C059F1A424987005009B9CB0 /* Release */ = {
			isa = XCBuildConfiguration;
			buildSettings = {
				CODE_SIGN_STYLE = Automatic;
				DEVELOPMENT_TEAM = 38M52GJZ37;
				ENABLE_HARDENED_RUNTIME = YES;
				PRODUCT_NAME = "$(TARGET_NAME)";
			};
			name = Release;
		};
/* End XCBuildConfiguration section */

/* Begin XCConfigurationList section */
		C059F19624987005009B9CB0 /* Build configuration list for PBXProject "Threelow" */ = {
			isa = XCConfigurationList;
			buildConfigurations = (
				C059F1A024987005009B9CB0 /* Debug */,
				C059F1A124987005009B9CB0 /* Release */,
			);
			defaultConfigurationIsVisible = 0;
			defaultConfigurationName = Release;
		};
		C059F1A224987005009B9CB0 /* Build configuration list for PBXNativeTarget "Threelow" */ = {
			isa = XCConfigurationList;
			buildConfigurations = (
				C059F1A324987005009B9CB0 /* Debug */,
				C059F1A424987005009B9CB0 /* Release */,
			);
			defaultConfigurationIsVisible = 0;
			defaultConfigurationName = Release;
		};
/* End XCConfigurationList section */
	};
	rootObject = C059F19324987005009B9CB0 /* Project object */;
}
